// !$*UTF8*$!
{
	archiveVersion = 1;
	classes = {
	};
	objectVersion = 56;
	objects = {

/* Begin PBXBuildFile section */
		849FA9482A20243600A21A8E /* FetchCodingTestApp.swift in Sources */ = {isa = PBXBuildFile; fileRef = 849FA9472A20243600A21A8E /* FetchCodingTestApp.swift */; };
		849FA94A2A20243600A21A8E /* ContentView.swift in Sources */ = {isa = PBXBuildFile; fileRef = 849FA9492A20243600A21A8E /* ContentView.swift */; };
		849FA94C2A20243600A21A8E /* Assets.xcassets in Resources */ = {isa = PBXBuildFile; fileRef = 849FA94B2A20243600A21A8E /* Assets.xcassets */; };
		849FA94F2A20243600A21A8E /* Preview Assets.xcassets in Resources */ = {isa = PBXBuildFile; fileRef = 849FA94E2A20243600A21A8E /* Preview Assets.xcassets */; };
		849FA9592A20243600A21A8E /* FetchCodingTestTests.swift in Sources */ = {isa = PBXBuildFile; fileRef = 849FA9582A20243600A21A8E /* FetchCodingTestTests.swift */; };
		849FA9632A20243600A21A8E /* FetchCodingTestUITests.swift in Sources */ = {isa = PBXBuildFile; fileRef = 849FA9622A20243600A21A8E /* FetchCodingTestUITests.swift */; };
		849FA9652A20243600A21A8E /* FetchCodingTestUITestsLaunchTests.swift in Sources */ = {isa = PBXBuildFile; fileRef = 849FA9642A20243600A21A8E /* FetchCodingTestUITestsLaunchTests.swift */; };
/* End PBXBuildFile section */

/* Begin PBXContainerItemProxy section */
		849FA9552A20243600A21A8E /* PBXContainerItemProxy */ = {
			isa = PBXContainerItemProxy;
			containerPortal = 849FA93C2A20243600A21A8E /* Project object */;
			proxyType = 1;
			remoteGlobalIDString = 849FA9432A20243600A21A8E;
			remoteInfo = FetchCodingTest;
		};
		849FA95F2A20243600A21A8E /* PBXContainerItemProxy */ = {
			isa = PBXContainerItemProxy;
			containerPortal = 849FA93C2A20243600A21A8E /* Project object */;
			proxyType = 1;
			remoteGlobalIDString = 849FA9432A20243600A21A8E;
			remoteInfo = FetchCodingTest;
		};
/* End PBXContainerItemProxy section */

/* Begin PBXFileReference section */
		849FA9442A20243600A21A8E /* FetchCodingTest.app */ = {isa = PBXFileReference; explicitFileType = wrapper.application; includeInIndex = 0; path = FetchCodingTest.app; sourceTree = BUILT_PRODUCTS_DIR; };
		849FA9472A20243600A21A8E /* FetchCodingTestApp.swift */ = {isa = PBXFileReference; lastKnownFileType = sourcecode.swift; path = FetchCodingTestApp.swift; sourceTree = "<group>"; };
		849FA9492A20243600A21A8E /* ContentView.swift */ = {isa = PBXFileReference; lastKnownFileType = sourcecode.swift; path = ContentView.swift; sourceTree = "<group>"; };
		849FA94B2A20243600A21A8E /* Assets.xcassets */ = {isa = PBXFileReference; lastKnownFileType = folder.assetcatalog; path = Assets.xcassets; sourceTree = "<group>"; };
		849FA94E2A20243600A21A8E /* Preview Assets.xcassets */ = {isa = PBXFileReference; lastKnownFileType = folder.assetcatalog; path = "Preview Assets.xcassets"; sourceTree = "<group>"; };
		849FA9542A20243600A21A8E /* FetchCodingTestTests.xctest */ = {isa = PBXFileReference; explicitFileType = wrapper.cfbundle; includeInIndex = 0; path = FetchCodingTestTests.xctest; sourceTree = BUILT_PRODUCTS_DIR; };
		849FA9582A20243600A21A8E /* FetchCodingTestTests.swift */ = {isa = PBXFileReference; lastKnownFileType = sourcecode.swift; path = FetchCodingTestTests.swift; sourceTree = "<group>"; };
		849FA95E2A20243600A21A8E /* FetchCodingTestUITests.xctest */ = {isa = PBXFileReference; explicitFileType = wrapper.cfbundle; includeInIndex = 0; path = FetchCodingTestUITests.xctest; sourceTree = BUILT_PRODUCTS_DIR; };
		849FA9622A20243600A21A8E /* FetchCodingTestUITests.swift */ = {isa = PBXFileReference; lastKnownFileType = sourcecode.swift; path = FetchCodingTestUITests.swift; sourceTree = "<group>"; };
		849FA9642A20243600A21A8E /* FetchCodingTestUITestsLaunchTests.swift */ = {isa = PBXFileReference; lastKnownFileType = sourcecode.swift; path = FetchCodingTestUITestsLaunchTests.swift; sourceTree = "<group>"; };
/* End PBXFileReference section */

/* Begin PBXFrameworksBuildPhase section */
		849FA9412A20243600A21A8E /* Frameworks */ = {
			isa = PBXFrameworksBuildPhase;
			buildActionMask = 2147483647;
			files = (
			);
			runOnlyForDeploymentPostprocessing = 0;
		};
		849FA9512A20243600A21A8E /* Frameworks */ = {
			isa = PBXFrameworksBuildPhase;
			buildActionMask = 2147483647;
			files = (
			);
			runOnlyForDeploymentPostprocessing = 0;
		};
		849FA95B2A20243600A21A8E /* Frameworks */ = {
			isa = PBXFrameworksBuildPhase;
			buildActionMask = 2147483647;
			files = (
			);
			runOnlyForDeploymentPostprocessing = 0;
		};
/* End PBXFrameworksBuildPhase section */

/* Begin PBXGroup section */
		849FA93B2A20243600A21A8E = {
			isa = PBXGroup;
			children = (
				849FA9462A20243600A21A8E /* FetchCodingTest */,
				849FA9572A20243600A21A8E /* FetchCodingTestTests */,
				849FA9612A20243600A21A8E /* FetchCodingTestUITests */,
				849FA9452A20243600A21A8E /* Products */,
			);
			sourceTree = "<group>";
		};
		849FA9452A20243600A21A8E /* Products */ = {
			isa = PBXGroup;
			children = (
				849FA9442A20243600A21A8E /* FetchCodingTest.app */,
				849FA9542A20243600A21A8E /* FetchCodingTestTests.xctest */,
				849FA95E2A20243600A21A8E /* FetchCodingTestUITests.xctest */,
			);
			name = Products;
			sourceTree = "<group>";
		};
		849FA9462A20243600A21A8E /* FetchCodingTest */ = {
			isa = PBXGroup;
			children = (
				849FA9472A20243600A21A8E /* FetchCodingTestApp.swift */,
				849FA9492A20243600A21A8E /* ContentView.swift */,
				849FA94B2A20243600A21A8E /* Assets.xcassets */,
				849FA94D2A20243600A21A8E /* Preview Content */,
			);
			path = FetchCodingTest;
			sourceTree = "<group>";
		};
		849FA94D2A20243600A21A8E /* Preview Content */ = {
			isa = PBXGroup;
			children = (
				849FA94E2A20243600A21A8E /* Preview Assets.xcassets */,
			);
			path = "Preview Content";
			sourceTree = "<group>";
		};
		849FA9572A20243600A21A8E /* FetchCodingTestTests */ = {
			isa = PBXGroup;
			children = (
				849FA9582A20243600A21A8E /* FetchCodingTestTests.swift */,
			);
			path = FetchCodingTestTests;
			sourceTree = "<group>";
		};
		849FA9612A20243600A21A8E /* FetchCodingTestUITests */ = {
			isa = PBXGroup;
			children = (
				849FA9622A20243600A21A8E /* FetchCodingTestUITests.swift */,
				849FA9642A20243600A21A8E /* FetchCodingTestUITestsLaunchTests.swift */,
			);
			path = FetchCodingTestUITests;
			sourceTree = "<group>";
		};
/* End PBXGroup section */

/* Begin PBXNativeTarget section */
		849FA9432A20243600A21A8E /* FetchCodingTest */ = {
			isa = PBXNativeTarget;
			buildConfigurationList = 849FA9682A20243600A21A8E /* Build configuration list for PBXNativeTarget "FetchCodingTest" */;
			buildPhases = (
				849FA9402A20243600A21A8E /* Sources */,
				849FA9412A20243600A21A8E /* Frameworks */,
				849FA9422A20243600A21A8E /* Resources */,
			);
			buildRules = (
			);
			dependencies = (
			);
			name = FetchCodingTest;
			productName = FetchCodingTest;
			productReference = 849FA9442A20243600A21A8E /* FetchCodingTest.app */;
			productType = "com.apple.product-type.application";
		};
		849FA9532A20243600A21A8E /* FetchCodingTestTests */ = {
			isa = PBXNativeTarget;
			buildConfigurationList = 849FA96B2A20243600A21A8E /* Build configuration list for PBXNativeTarget "FetchCodingTestTests" */;
			buildPhases = (
				849FA9502A20243600A21A8E /* Sources */,
				849FA9512A20243600A21A8E /* Frameworks */,
				849FA9522A20243600A21A8E /* Resources */,
			);
			buildRules = (
			);
			dependencies = (
				849FA9562A20243600A21A8E /* PBXTargetDependency */,
			);
			name = FetchCodingTestTests;
			productName = FetchCodingTestTests;
			productReference = 849FA9542A20243600A21A8E /* FetchCodingTestTests.xctest */;
			productType = "com.apple.product-type.bundle.unit-test";
		};
		849FA95D2A20243600A21A8E /* FetchCodingTestUITests */ = {
			isa = PBXNativeTarget;
			buildConfigurationList = 849FA96E2A20243600A21A8E /* Build configuration list for PBXNativeTarget "FetchCodingTestUITests" */;
			buildPhases = (
				849FA95A2A20243600A21A8E /* Sources */,
				849FA95B2A20243600A21A8E /* Frameworks */,
				849FA95C2A20243600A21A8E /* Resources */,
			);
			buildRules = (
			);
			dependencies = (
				849FA9602A20243600A21A8E /* PBXTargetDependency */,
			);
			name = FetchCodingTestUITests;
			productName = FetchCodingTestUITests;
			productReference = 849FA95E2A20243600A21A8E /* FetchCodingTestUITests.xctest */;
			productType = "com.apple.product-type.bundle.ui-testing";
		};
/* End PBXNativeTarget section */

/* Begin PBXProject section */
		849FA93C2A20243600A21A8E /* Project object */ = {
			isa = PBXProject;
			attributes = {
				BuildIndependentTargetsInParallel = 1;
				LastSwiftUpdateCheck = 1430;
				LastUpgradeCheck = 1430;
				TargetAttributes = {
					849FA9432A20243600A21A8E = {
						CreatedOnToolsVersion = 14.3;
					};
					849FA9532A20243600A21A8E = {
						CreatedOnToolsVersion = 14.3;
						TestTargetID = 849FA9432A20243600A21A8E;
					};
					849FA95D2A20243600A21A8E = {
						CreatedOnToolsVersion = 14.3;
						TestTargetID = 849FA9432A20243600A21A8E;
					};
				};
			};
			buildConfigurationList = 849FA93F2A20243600A21A8E /* Build configuration list for PBXProject "FetchCodingTest" */;
			compatibilityVersion = "Xcode 14.0";
			developmentRegion = en;
			hasScannedForEncodings = 0;
			knownRegions = (
				en,
				Base,
			);
			mainGroup = 849FA93B2A20243600A21A8E;
			productRefGroup = 849FA9452A20243600A21A8E /* Products */;
			projectDirPath = "";
			projectRoot = "";
			targets = (
				849FA9432A20243600A21A8E /* FetchCodingTest */,
				849FA9532A20243600A21A8E /* FetchCodingTestTests */,
				849FA95D2A20243600A21A8E /* FetchCodingTestUITests */,
			);
		};
/* End PBXProject section */

/* Begin PBXResourcesBuildPhase section */
		849FA9422A20243600A21A8E /* Resources */ = {
			isa = PBXResourcesBuildPhase;
			buildActionMask = 2147483647;
			files = (
				849FA94F2A20243600A21A8E /* Preview Assets.xcassets in Resources */,
				849FA94C2A20243600A21A8E /* Assets.xcassets in Resources */,
			);
			runOnlyForDeploymentPostprocessing = 0;
		};
		849FA9522A20243600A21A8E /* Resources */ = {
			isa = PBXResourcesBuildPhase;
			buildActionMask = 2147483647;
			files = (
			);
			runOnlyForDeploymentPostprocessing = 0;
		};
		849FA95C2A20243600A21A8E /* Resources */ = {
			isa = PBXResourcesBuildPhase;
			buildActionMask = 2147483647;
			files = (
			);
			runOnlyForDeploymentPostprocessing = 0;
		};
/* End PBXResourcesBuildPhase section */

/* Begin PBXSourcesBuildPhase section */
		849FA9402A20243600A21A8E /* Sources */ = {
			isa = PBXSourcesBuildPhase;
			buildActionMask = 2147483647;
			files = (
				849FA94A2A20243600A21A8E /* ContentView.swift in Sources */,
				849FA9482A20243600A21A8E /* FetchCodingTestApp.swift in Sources */,
			);
			runOnlyForDeploymentPostprocessing = 0;
		};
		849FA9502A20243600A21A8E /* Sources */ = {
			isa = PBXSourcesBuildPhase;
			buildActionMask = 2147483647;
			files = (
				849FA9592A20243600A21A8E /* FetchCodingTestTests.swift in Sources */,
			);
			runOnlyForDeploymentPostprocessing = 0;
		};
		849FA95A2A20243600A21A8E /* Sources */ = {
			isa = PBXSourcesBuildPhase;
			buildActionMask = 2147483647;
			files = (
				849FA9632A20243600A21A8E /* FetchCodingTestUITests.swift in Sources */,
				849FA9652A20243600A21A8E /* FetchCodingTestUITestsLaunchTests.swift in Sources */,
			);
			runOnlyForDeploymentPostprocessing = 0;
		};
/* End PBXSourcesBuildPhase section */

/* Begin PBXTargetDependency section */
		849FA9562A20243600A21A8E /* PBXTargetDependency */ = {
			isa = PBXTargetDependency;
			target = 849FA9432A20243600A21A8E /* FetchCodingTest */;
			targetProxy = 849FA9552A20243600A21A8E /* PBXContainerItemProxy */;
		};
		849FA9602A20243600A21A8E /* PBXTargetDependency */ = {
			isa = PBXTargetDependency;
			target = 849FA9432A20243600A21A8E /* FetchCodingTest */;
			targetProxy = 849FA95F2A20243600A21A8E /* PBXContainerItemProxy */;
		};
/* End PBXTargetDependency section */

/* Begin XCBuildConfiguration section */
		849FA9662A20243600A21A8E /* Debug */ = {
			isa = XCBuildConfiguration;
			buildSettings = {
				ALWAYS_SEARCH_USER_PATHS = NO;
				CLANG_ANALYZER_NONNULL = YES;
				CLANG_ANALYZER_NUMBER_OBJECT_CONVERSION = YES_AGGRESSIVE;
				CLANG_CXX_LANGUAGE_STANDARD = "gnu++20";
				CLANG_ENABLE_MODULES = YES;
				CLANG_ENABLE_OBJC_ARC = YES;
				CLANG_ENABLE_OBJC_WEAK = YES;
				CLANG_WARN_BLOCK_CAPTURE_AUTORELEASING = YES;
				CLANG_WARN_BOOL_CONVERSION = YES;
				CLANG_WARN_COMMA = YES;
				CLANG_WARN_CONSTANT_CONVERSION = YES;
				CLANG_WARN_DEPRECATED_OBJC_IMPLEMENTATIONS = YES;
				CLANG_WARN_DIRECT_OBJC_ISA_USAGE = YES_ERROR;
				CLANG_WARN_DOCUMENTATION_COMMENTS = YES;
				CLANG_WARN_EMPTY_BODY = YES;
				CLANG_WARN_ENUM_CONVERSION = YES;
				CLANG_WARN_INFINITE_RECURSION = YES;
				CLANG_WARN_INT_CONVERSION = YES;
				CLANG_WARN_NON_LITERAL_NULL_CONVERSION = YES;
				CLANG_WARN_OBJC_IMPLICIT_RETAIN_SELF = YES;
				CLANG_WARN_OBJC_LITERAL_CONVERSION = YES;
				CLANG_WARN_OBJC_ROOT_CLASS = YES_ERROR;
				CLANG_WARN_QUOTED_INCLUDE_IN_FRAMEWORK_HEADER = YES;
				CLANG_WARN_RANGE_LOOP_ANALYSIS = YES;
				CLANG_WARN_STRICT_PROTOTYPES = YES;
				CLANG_WARN_SUSPICIOUS_MOVE = YES;
				CLANG_WARN_UNGUARDED_AVAILABILITY = YES_AGGRESSIVE;
				CLANG_WARN_UNREACHABLE_CODE = YES;
				CLANG_WARN__DUPLICATE_METHOD_MATCH = YES;
				COPY_PHASE_STRIP = NO;
				DEBUG_INFORMATION_FORMAT = dwarf;
				ENABLE_STRICT_OBJC_MSGSEND = YES;
				ENABLE_TESTABILITY = YES;
				GCC_C_LANGUAGE_STANDARD = gnu11;
				GCC_DYNAMIC_NO_PIC = NO;
				GCC_NO_COMMON_BLOCKS = YES;
				GCC_OPTIMIZATION_LEVEL = 0;
				GCC_PREPROCESSOR_DEFINITIONS = (
					"DEBUG=1",
					"$(inherited)",
				);
				GCC_WARN_64_TO_32_BIT_CONVERSION = YES;
				GCC_WARN_ABOUT_RETURN_TYPE = YES_ERROR;
				GCC_WARN_UNDECLARED_SELECTOR = YES;
				GCC_WARN_UNINITIALIZED_AUTOS = YES_AGGRESSIVE;
				GCC_WARN_UNUSED_FUNCTION = YES;
				GCC_WARN_UNUSED_VARIABLE = YES;
				IPHONEOS_DEPLOYMENT_TARGET = 16.4;
				MTL_ENABLE_DEBUG_INFO = INCLUDE_SOURCE;
				MTL_FAST_MATH = YES;
				ONLY_ACTIVE_ARCH = YES;
				SDKROOT = iphoneos;
				SWIFT_ACTIVE_COMPILATION_CONDITIONS = DEBUG;
				SWIFT_OPTIMIZATION_LEVEL = "-Onone";
			};
			name = Debug;
		};
		849FA9672A20243600A21A8E /* Release */ = {
			isa = XCBuildConfiguration;
			buildSettings = {
				ALWAYS_SEARCH_USER_PATHS = NO;
				CLANG_ANALYZER_NONNULL = YES;
				CLANG_ANALYZER_NUMBER_OBJECT_CONVERSION = YES_AGGRESSIVE;
				CLANG_CXX_LANGUAGE_STANDARD = "gnu++20";
				CLANG_ENABLE_MODULES = YES;
				CLANG_ENABLE_OBJC_ARC = YES;
				CLANG_ENABLE_OBJC_WEAK = YES;
				CLANG_WARN_BLOCK_CAPTURE_AUTORELEASING = YES;
				CLANG_WARN_BOOL_CONVERSION = YES;
				CLANG_WARN_COMMA = YES;
				CLANG_WARN_CONSTANT_CONVERSION = YES;
				CLANG_WARN_DEPRECATED_OBJC_IMPLEMENTATIONS = YES;
				CLANG_WARN_DIRECT_OBJC_ISA_USAGE = YES_ERROR;
				CLANG_WARN_DOCUMENTATION_COMMENTS = YES;
				CLANG_WARN_EMPTY_BODY = YES;
				CLANG_WARN_ENUM_CONVERSION = YES;
				CLANG_WARN_INFINITE_RECURSION = YES;
				CLANG_WARN_INT_CONVERSION = YES;
				CLANG_WARN_NON_LITERAL_NULL_CONVERSION = YES;
				CLANG_WARN_OBJC_IMPLICIT_RETAIN_SELF = YES;
				CLANG_WARN_OBJC_LITERAL_CONVERSION = YES;
				CLANG_WARN_OBJC_ROOT_CLASS = YES_ERROR;
				CLANG_WARN_QUOTED_INCLUDE_IN_FRAMEWORK_HEADER = YES;
				CLANG_WARN_RANGE_LOOP_ANALYSIS = YES;
				CLANG_WARN_STRICT_PROTOTYPES = YES;
				CLANG_WARN_SUSPICIOUS_MOVE = YES;
				CLANG_WARN_UNGUARDED_AVAILABILITY = YES_AGGRESSIVE;
				CLANG_WARN_UNREACHABLE_CODE = YES;
				CLANG_WARN__DUPLICATE_METHOD_MATCH = YES;
				COPY_PHASE_STRIP = NO;
				DEBUG_INFORMATION_FORMAT = "dwarf-with-dsym";
				ENABLE_NS_ASSERTIONS = NO;
				ENABLE_STRICT_OBJC_MSGSEND = YES;
				GCC_C_LANGUAGE_STANDARD = gnu11;
				GCC_NO_COMMON_BLOCKS = YES;
				GCC_WARN_64_TO_32_BIT_CONVERSION = YES;
				GCC_WARN_ABOUT_RETURN_TYPE = YES_ERROR;
				GCC_WARN_UNDECLARED_SELECTOR = YES;
				GCC_WARN_UNINITIALIZED_AUTOS = YES_AGGRESSIVE;
				GCC_WARN_UNUSED_FUNCTION = YES;
				GCC_WARN_UNUSED_VARIABLE = YES;
				IPHONEOS_DEPLOYMENT_TARGET = 16.4;
				MTL_ENABLE_DEBUG_INFO = NO;
				MTL_FAST_MATH = YES;
				SDKROOT = iphoneos;
				SWIFT_COMPILATION_MODE = wholemodule;
				SWIFT_OPTIMIZATION_LEVEL = "-O";
				VALIDATE_PRODUCT = YES;
			};
			name = Release;
		};
		849FA9692A20243600A21A8E /* Debug */ = {
			isa = XCBuildConfiguration;
			buildSettings = {
				ASSETCATALOG_COMPILER_APPICON_NAME = AppIcon;
				ASSETCATALOG_COMPILER_GLOBAL_ACCENT_COLOR_NAME = AccentColor;
				CODE_SIGN_STYLE = Automatic;
				CURRENT_PROJECT_VERSION = 1;
				DEVELOPMENT_ASSET_PATHS = "\"FetchCodingTest/Preview Content\"";
				DEVELOPMENT_TEAM = NS734J8YGW;
				ENABLE_PREVIEWS = YES;
				GENERATE_INFOPLIST_FILE = YES;
				INFOPLIST_KEY_UIApplicationSceneManifest_Generation = YES;
				INFOPLIST_KEY_UIApplicationSupportsIndirectInputEvents = YES;
				INFOPLIST_KEY_UILaunchScreen_Generation = YES;
				INFOPLIST_KEY_UISupportedInterfaceOrientations_iPad = "UIInterfaceOrientationPortrait UIInterfaceOrientationPortraitUpsideDown UIInterfaceOrientationLandscapeLeft UIInterfaceOrientationLandscapeRight";
				INFOPLIST_KEY_UISupportedInterfaceOrientations_iPhone = "UIInterfaceOrientationPortrait UIInterfaceOrientationLandscapeLeft UIInterfaceOrientationLandscapeRight";
				LD_RUNPATH_SEARCH_PATHS = (
					"$(inherited)",
					"@executable_path/Frameworks",
				);
				MARKETING_VERSION = 1.0;
				PRODUCT_BUNDLE_IDENTIFIER = weijianzeng.FetchCodingTest;
				PRODUCT_NAME = "$(TARGET_NAME)";
				SWIFT_EMIT_LOC_STRINGS = YES;
				SWIFT_VERSION = 5.0;
				TARGETED_DEVICE_FAMILY = "1,2";
			};
			name = Debug;
		};
		849FA96A2A20243600A21A8E /* Release */ = {
			isa = XCBuildConfiguration;
			buildSettings = {
				ASSETCATALOG_COMPILER_APPICON_NAME = AppIcon;
				ASSETCATALOG_COMPILER_GLOBAL_ACCENT_COLOR_NAME = AccentColor;
				CODE_SIGN_STYLE = Automatic;
				CURRENT_PROJECT_VERSION = 1;
				DEVELOPMENT_ASSET_PATHS = "\"FetchCodingTest/Preview Content\"";
				DEVELOPMENT_TEAM = NS734J8YGW;
				ENABLE_PREVIEWS = YES;
				GENERATE_INFOPLIST_FILE = YES;
				INFOPLIST_KEY_UIApplicationSceneManifest_Generation = YES;
				INFOPLIST_KEY_UIApplicationSupportsIndirectInputEvents = YES;
				INFOPLIST_KEY_UILaunchScreen_Generation = YES;
				INFOPLIST_KEY_UISupportedInterfaceOrientations_iPad = "UIInterfaceOrientationPortrait UIInterfaceOrientationPortraitUpsideDown UIInterfaceOrientationLandscapeLeft UIInterfaceOrientationLandscapeRight";
				INFOPLIST_KEY_UISupportedInterfaceOrientations_iPhone = "UIInterfaceOrientationPortrait UIInterfaceOrientationLandscapeLeft UIInterfaceOrientationLandscapeRight";
				LD_RUNPATH_SEARCH_PATHS = (
					"$(inherited)",
					"@executable_path/Frameworks",
				);
				MARKETING_VERSION = 1.0;
				PRODUCT_BUNDLE_IDENTIFIER = weijianzeng.FetchCodingTest;
				PRODUCT_NAME = "$(TARGET_NAME)";
				SWIFT_EMIT_LOC_STRINGS = YES;
				SWIFT_VERSION = 5.0;
				TARGETED_DEVICE_FAMILY = "1,2";
			};
			name = Release;
		};
		849FA96C2A20243600A21A8E /* Debug */ = {
			isa = XCBuildConfiguration;
			buildSettings = {
				ALWAYS_EMBED_SWIFT_STANDARD_LIBRARIES = YES;
				BUNDLE_LOADER = "$(TEST_HOST)";
				CODE_SIGN_STYLE = Automatic;
				CURRENT_PROJECT_VERSION = 1;
				DEVELOPMENT_TEAM = NS734J8YGW;
				GENERATE_INFOPLIST_FILE = YES;
				IPHONEOS_DEPLOYMENT_TARGET = 16.4;
				MARKETING_VERSION = 1.0;
				PRODUCT_BUNDLE_IDENTIFIER = weijianzeng.FetchCodingTestTests;
				PRODUCT_NAME = "$(TARGET_NAME)";
				SWIFT_EMIT_LOC_STRINGS = NO;
				SWIFT_VERSION = 5.0;
				TARGETED_DEVICE_FAMILY = "1,2";
				TEST_HOST = "$(BUILT_PRODUCTS_DIR)/FetchCodingTest.app/$(BUNDLE_EXECUTABLE_FOLDER_PATH)/FetchCodingTest";
			};
			name = Debug;
		};
		849FA96D2A20243600A21A8E /* Release */ = {
			isa = XCBuildConfiguration;
			buildSettings = {
				ALWAYS_EMBED_SWIFT_STANDARD_LIBRARIES = YES;
				BUNDLE_LOADER = "$(TEST_HOST)";
				CODE_SIGN_STYLE = Automatic;
				CURRENT_PROJECT_VERSION = 1;
				DEVELOPMENT_TEAM = NS734J8YGW;
				GENERATE_INFOPLIST_FILE = YES;
				IPHONEOS_DEPLOYMENT_TARGET = 16.4;
				MARKETING_VERSION = 1.0;
				PRODUCT_BUNDLE_IDENTIFIER = weijianzeng.FetchCodingTestTests;
				PRODUCT_NAME = "$(TARGET_NAME)";
				SWIFT_EMIT_LOC_STRINGS = NO;
				SWIFT_VERSION = 5.0;
				TARGETED_DEVICE_FAMILY = "1,2";
				TEST_HOST = "$(BUILT_PRODUCTS_DIR)/FetchCodingTest.app/$(BUNDLE_EXECUTABLE_FOLDER_PATH)/FetchCodingTest";
			};
			name = Release;
		};
		849FA96F2A20243600A21A8E /* Debug */ = {
			isa = XCBuildConfiguration;
			buildSettings = {
				ALWAYS_EMBED_SWIFT_STANDARD_LIBRARIES = YES;
				CODE_SIGN_STYLE = Automatic;
				CURRENT_PROJECT_VERSION = 1;
				DEVELOPMENT_TEAM = NS734J8YGW;
				GENERATE_INFOPLIST_FILE = YES;
				MARKETING_VERSION = 1.0;
				PRODUCT_BUNDLE_IDENTIFIER = weijianzeng.FetchCodingTestUITests;
				PRODUCT_NAME = "$(TARGET_NAME)";
				SWIFT_EMIT_LOC_STRINGS = NO;
				SWIFT_VERSION = 5.0;
				TARGETED_DEVICE_FAMILY = "1,2";
				TEST_TARGET_NAME = FetchCodingTest;
			};
			name = Debug;
		};
		849FA9702A20243600A21A8E /* Release */ = {
			isa = XCBuildConfiguration;
			buildSettings = {
				ALWAYS_EMBED_SWIFT_STANDARD_LIBRARIES = YES;
				CODE_SIGN_STYLE = Automatic;
				CURRENT_PROJECT_VERSION = 1;
				DEVELOPMENT_TEAM = NS734J8YGW;
				GENERATE_INFOPLIST_FILE = YES;
				MARKETING_VERSION = 1.0;
				PRODUCT_BUNDLE_IDENTIFIER = weijianzeng.FetchCodingTestUITests;
				PRODUCT_NAME = "$(TARGET_NAME)";
				SWIFT_EMIT_LOC_STRINGS = NO;
				SWIFT_VERSION = 5.0;
				TARGETED_DEVICE_FAMILY = "1,2";
				TEST_TARGET_NAME = FetchCodingTest;
			};
			name = Release;
		};
/* End XCBuildConfiguration section */

/* Begin XCConfigurationList section */
		849FA93F2A20243600A21A8E /* Build configuration list for PBXProject "FetchCodingTest" */ = {
			isa = XCConfigurationList;
			buildConfigurations = (
				849FA9662A20243600A21A8E /* Debug */,
				849FA9672A20243600A21A8E /* Release */,
			);
			defaultConfigurationIsVisible = 0;
			defaultConfigurationName = Release;
		};
		849FA9682A20243600A21A8E /* Build configuration list for PBXNativeTarget "FetchCodingTest" */ = {
			isa = XCConfigurationList;
			buildConfigurations = (
				849FA9692A20243600A21A8E /* Debug */,
				849FA96A2A20243600A21A8E /* Release */,
			);
			defaultConfigurationIsVisible = 0;
			defaultConfigurationName = Release;
		};
		849FA96B2A20243600A21A8E /* Build configuration list for PBXNativeTarget "FetchCodingTestTests" */ = {
			isa = XCConfigurationList;
			buildConfigurations = (
				849FA96C2A20243600A21A8E /* Debug */,
				849FA96D2A20243600A21A8E /* Release */,
			);
			defaultConfigurationIsVisible = 0;
			defaultConfigurationName = Release;
		};
		849FA96E2A20243600A21A8E /* Build configuration list for PBXNativeTarget "FetchCodingTestUITests" */ = {
			isa = XCConfigurationList;
			buildConfigurations = (
				849FA96F2A20243600A21A8E /* Debug */,
				849FA9702A20243600A21A8E /* Release */,
			);
			defaultConfigurationIsVisible = 0;
			defaultConfigurationName = Release;
		};
/* End XCConfigurationList section */
	};
	rootObject = 849FA93C2A20243600A21A8E /* Project object */;
}
